
Microsoft Visual Studio Solution File, Format Version 12.00
# Visual Studio Version 17
VisualStudioVersion = 17.5.33414.496
MinimumVisualStudioVersion = 10.0.40219.1
Project("{2150E333-8FDC-42A3-9474-1A3956D46DE8}") = "Services", "Services", "{FA60C289-A15E-4184-AFA8-EE03312E0C5E}"
EndProject
Project("{2150E333-8FDC-42A3-9474-1A3956D46DE8}") = "Catalog", "Catalog", "{41CF1B1B-CFF6-4FFD-ABBB-7B1B357985B5}"
EndProject
Project("{9A19103F-16F7-4668-BE54-9A1E7A4F7556}") = "Catalog.API", "Services\Catalog\Catalog.API\Catalog.API.csproj", "{B4394B87-3FB2-41AD-95EA-200A735A5193}"
EndProject
Project("{E53339B2-1760-4266-BCC7-CA923CBCF16C}") = "docker-compose", "docker-compose.dcproj", "{DD7E3411-AAB6-4A6D-84C5-7A89ADD2C31E}"
EndProject
Project("{2150E333-8FDC-42A3-9474-1A3956D46DE8}") = "Basket", "Basket", "{34382300-43E5-4BD0-A7A2-AD2008760464}"
EndProject
Project("{9A19103F-16F7-4668-BE54-9A1E7A4F7556}") = "Basket.API", "Services\Basket\Basket.API\Basket.API.csproj", "{87D98AAE-B920-42EC-83B8-A8926AFE4E18}"
EndProject
Project("{2150E333-8FDC-42A3-9474-1A3956D46DE8}") = "Discount", "Discount", "{3B07DBD6-CE8C-475B-B494-633C3282AE13}"
EndProject
Project("{FAE04EC0-301F-11D3-BF4B-00C04F79EFBC}") = "Discount.API", "Services\Discount\Discount.API\Discount.API.csproj", "{DCEAFC87-CEA2-4469-805B-31B81C07F312}"
EndProject
Global
	GlobalSection(SolutionConfigurationPlatforms) = preSolution
		Debug|Any CPU = Debug|Any CPU
		Release|Any CPU = Release|Any CPU
	EndGlobalSection
	GlobalSection(ProjectConfigurationPlatforms) = postSolution
		{B4394B87-3FB2-41AD-95EA-200A735A5193}.Debug|Any CPU.ActiveCfg = Debug|Any CPU
		{B4394B87-3FB2-41AD-95EA-200A735A5193}.Debug|Any CPU.Build.0 = Debug|Any CPU
		{B4394B87-3FB2-41AD-95EA-200A735A5193}.Release|Any CPU.ActiveCfg = Release|Any CPU
		{B4394B87-3FB2-41AD-95EA-200A735A5193}.Release|Any CPU.Build.0 = Release|Any CPU
		{DD7E3411-AAB6-4A6D-84C5-7A89ADD2C31E}.Debug|Any CPU.ActiveCfg = Debug|Any CPU
		{DD7E3411-AAB6-4A6D-84C5-7A89ADD2C31E}.Debug|Any CPU.Build.0 = Debug|Any CPU
		{DD7E3411-AAB6-4A6D-84C5-7A89ADD2C31E}.Release|Any CPU.ActiveCfg = Release|Any CPU
		{DD7E3411-AAB6-4A6D-84C5-7A89ADD2C31E}.Release|Any CPU.Build.0 = Release|Any CPU
		{87D98AAE-B920-42EC-83B8-A8926AFE4E18}.Debug|Any CPU.ActiveCfg = Debug|Any CPU
		{87D98AAE-B920-42EC-83B8-A8926AFE4E18}.Debug|Any CPU.Build.0 = Debug|Any CPU
		{87D98AAE-B920-42EC-83B8-A8926AFE4E18}.Release|Any CPU.ActiveCfg = Release|Any CPU
		{87D98AAE-B920-42EC-83B8-A8926AFE4E18}.Release|Any CPU.Build.0 = Release|Any CPU
		{DCEAFC87-CEA2-4469-805B-31B81C07F312}.Debug|Any CPU.ActiveCfg = Debug|Any CPU
		{DCEAFC87-CEA2-4469-805B-31B81C07F312}.Debug|Any CPU.Build.0 = Debug|Any CPU
		{DCEAFC87-CEA2-4469-805B-31B81C07F312}.Release|Any CPU.ActiveCfg = Release|Any CPU
		{DCEAFC87-CEA2-4469-805B-31B81C07F312}.Release|Any CPU.Build.0 = Release|Any CPU
	EndGlobalSection
	GlobalSection(SolutionProperties) = preSolution
		HideSolutionNode = FALSE
	EndGlobalSection
	GlobalSection(NestedProjects) = preSolution
		{41CF1B1B-CFF6-4FFD-ABBB-7B1B357985B5} = {FA60C289-A15E-4184-AFA8-EE03312E0C5E}
		{B4394B87-3FB2-41AD-95EA-200A735A5193} = {41CF1B1B-CFF6-4FFD-ABBB-7B1B357985B5}
		{34382300-43E5-4BD0-A7A2-AD2008760464} = {FA60C289-A15E-4184-AFA8-EE03312E0C5E}
		{87D98AAE-B920-42EC-83B8-A8926AFE4E18} = {34382300-43E5-4BD0-A7A2-AD2008760464}
		{3B07DBD6-CE8C-475B-B494-633C3282AE13} = {FA60C289-A15E-4184-AFA8-EE03312E0C5E}
		{DCEAFC87-CEA2-4469-805B-31B81C07F312} = {3B07DBD6-CE8C-475B-B494-633C3282AE13}
	EndGlobalSection
	GlobalSection(ExtensibilityGlobals) = postSolution
		SolutionGuid = {2E9AE1E5-3B81-4344-944B-6360295C3642}
	EndGlobalSection
EndGlobal
